title: New Mexico bill would block border wall
quote: “A group of Democratic state lawmakers filed legislation this week that would bar state land from being used, sold or transferred to facilitate the construction of the new border wall.”
url: https://www.abqjournal.com/941051/nm-bill-would-block-building-of-border-wall.html
tags:
 - The Wall
 - Resistance
 - NM
